
Microsoft Visual Studio Solution File, Format Version 12.00
# Visual Studio 2012
Project("{D954291E-2A0B-460D-934E-DC6B0785DB48}") = "XamarinApp", "XamarinApp\XamarinApp.shproj", "{055F0231-59F7-47C7-A0C4-E9E8F3F016E2}"
EndProject
Project("{FAE04EC0-301F-11D3-BF4B-00C04F79EFBC}") = "XamarinApp.iOS", "iOS\XamarinApp.iOS.csproj", "{A3EA051D-93E5-40D2-BE9B-02592978C0C4}"
EndProject
Project("{FAE04EC0-301F-11D3-BF4B-00C04F79EFBC}") = "XamarinApp.Droid", "Droid\XamarinApp.Droid.csproj", "{6E4D3433-697E-4842-A82C-2780F655E538}"
EndProject
Global
	GlobalSection(SolutionConfigurationPlatforms) = preSolution
		Debug|iPhoneSimulator = Debug|iPhoneSimulator
		Release|iPhone = Release|iPhone
		Release|iPhoneSimulator = Release|iPhoneSimulator
		Debug|iPhone = Debug|iPhone
		Debug|Any CPU = Debug|Any CPU
		Release|Any CPU = Release|Any CPU
	EndGlobalSection
	GlobalSection(ProjectConfigurationPlatforms) = postSolution
		{A3EA051D-93E5-40D2-BE9B-02592978C0C4}.Debug|iPhoneSimulator.ActiveCfg = Debug|iPhoneSimulator
		{A3EA051D-93E5-40D2-BE9B-02592978C0C4}.Debug|iPhoneSimulator.Build.0 = Debug|iPhoneSimulator
		{A3EA051D-93E5-40D2-BE9B-02592978C0C4}.Release|iPhone.ActiveCfg = Release|iPhone
		{A3EA051D-93E5-40D2-BE9B-02592978C0C4}.Release|iPhone.Build.0 = Release|iPhone
		{A3EA051D-93E5-40D2-BE9B-02592978C0C4}.Release|iPhoneSimulator.ActiveCfg = Release|iPhoneSimulator
		{A3EA051D-93E5-40D2-BE9B-02592978C0C4}.Release|iPhoneSimulator.Build.0 = Release|iPhoneSimulator
		{A3EA051D-93E5-40D2-BE9B-02592978C0C4}.Debug|iPhone.ActiveCfg = Debug|iPhone
		{A3EA051D-93E5-40D2-BE9B-02592978C0C4}.Debug|iPhone.Build.0 = Debug|iPhone
		{A3EA051D-93E5-40D2-BE9B-02592978C0C4}.Debug|Any CPU.ActiveCfg = Debug|iPhoneSimulator
		{A3EA051D-93E5-40D2-BE9B-02592978C0C4}.Debug|Any CPU.Build.0 = Debug|iPhoneSimulator
		{A3EA051D-93E5-40D2-BE9B-02592978C0C4}.Release|Any CPU.ActiveCfg = Release|iPhone
		{A3EA051D-93E5-40D2-BE9B-02592978C0C4}.Release|Any CPU.Build.0 = Release|iPhone
		{6E4D3433-697E-4842-A82C-2780F655E538}.Debug|iPhoneSimulator.ActiveCfg = Debug|Any CPU
		{6E4D3433-697E-4842-A82C-2780F655E538}.Debug|iPhoneSimulator.Build.0 = Debug|Any CPU
		{6E4D3433-697E-4842-A82C-2780F655E538}.Release|iPhone.ActiveCfg = Release|Any CPU
		{6E4D3433-697E-4842-A82C-2780F655E538}.Release|iPhone.Build.0 = Release|Any CPU
		{6E4D3433-697E-4842-A82C-2780F655E538}.Release|iPhoneSimulator.ActiveCfg = Release|Any CPU
		{6E4D3433-697E-4842-A82C-2780F655E538}.Release|iPhoneSimulator.Build.0 = Release|Any CPU
		{6E4D3433-697E-4842-A82C-2780F655E538}.Debug|iPhone.ActiveCfg = Debug|Any CPU
		{6E4D3433-697E-4842-A82C-2780F655E538}.Debug|iPhone.Build.0 = Debug|Any CPU
		{6E4D3433-697E-4842-A82C-2780F655E538}.Debug|Any CPU.ActiveCfg = Debug|Any CPU
		{6E4D3433-697E-4842-A82C-2780F655E538}.Debug|Any CPU.Build.0 = Debug|Any CPU
		{6E4D3433-697E-4842-A82C-2780F655E538}.Release|Any CPU.ActiveCfg = Release|Any CPU
		{6E4D3433-697E-4842-A82C-2780F655E538}.Release|Any CPU.Build.0 = Release|Any CPU
	EndGlobalSection
EndGlobal
